
Microsoft Visual Studio Solution File, Format Version 12.00
Project("{FAE04EC0-301F-11D3-BF4B-00C04F79EFBC}") = "Redmango_API", "Redmango_API\Redmango_API.csproj", "{F327DBB6-7336-4BA0-BE6B-CDA5AC495C92}"
EndProject
Global
	GlobalSection(SolutionConfigurationPlatforms) = preSolution
		Debug|Any CPU = Debug|Any CPU
		Release|Any CPU = Release|Any CPU
	EndGlobalSection
	GlobalSection(ProjectConfigurationPlatforms) = postSolution
		{F327DBB6-7336-4BA0-BE6B-CDA5AC495C92}.Debug|Any CPU.ActiveCfg = Debug|Any CPU
		{F327DBB6-7336-4BA0-BE6B-CDA5AC495C92}.Debug|Any CPU.Build.0 = Debug|Any CPU
		{F327DBB6-7336-4BA0-BE6B-CDA5AC495C92}.Release|Any CPU.ActiveCfg = Release|Any CPU
		{F327DBB6-7336-4BA0-BE6B-CDA5AC495C92}.Release|Any CPU.Build.0 = Release|Any CPU
	EndGlobalSection
EndGlobal
